github.com/PuerkitoBio/purell v1.1.1 h1:WEQqlqaGbrPkxLJWfBwQmfEAE1Z7ONdDLqrN38tNFfI=
github.com/PuerkitoBio/purell v1.1.1/go.mod h1:c11w/QuzBsJSee3cPx9rAFu61PvFxuPbtSwDGJws/X0=
github.com/PuerkitoBio/urlesc v0.0.0-20170810143723-de5bf2ad4578 h1:d+Bc7a5rLufV/sSk/8dngufqelfh6jnri85riMAaF/M=
github.com/PuerkitoBio/urlesc v0.0.0-20170810143723-de5bf2ad4578/go.mod h1:uGdkoq3SwY9Y+13GIhn11/XLaGBb4BfwItxLd5jeuXE=
github.com/davecgh/go-spew v1.1.1 h1:vj9j/u1bqnvCEfJOwUhtlOARqs3+rkHYY13jYWTU97c=
github.com/davecgh/go-spew v1.1.1/go.mod h1:J7Y8YcW2NihsgmVo/mv3lAwl/skON4iLHjSsI+c5H38=
github.com/gorilla/websocket v1.4.1 h1:q7AeDBpnBk8AogcD4DSag/Ukw/KV+YhzLj2bP5HvKCM=
github.com/gorilla/websocket v1.4.1/go.mod h1:YR8l580nyteQvAITg2hZ9XVh4b55+EU/adAjf1fMHhE=
github.com/goware/urlx v0.3.1 h1:BbvKl8oiXtJAzOzMqAQ0GfIhf96fKeNEZfm9ocNSUBI=
github.com/goware/urlx v0.3.1/go.mod h1:h8uwbJy68o+tQXCGZNa9D73WN8n0r9OBae5bUnLcgjw=
github.com/hashicorp/errwrap v1.0.0 h1:hLrqtEDnRye3+sgx6z4qVLNuviH3MR5aQ0ykNJa/UYA=
github.com/hashicorp/errwrap v1.0.0/go.mod h1:YH+1FKiLXxHSkmPseP+kNlulaMuP3n2brvKWEqk/Jc4=
github.com/hashicorp/go-multierror v1.0.0 h1:iVjPR7a6H0tWELX5NxNe7bYopibicUzc7uPribsnS6o=
github.com/hashicorp/go-multierror v1.0.0/go.mod h1:dHtQlpGsu+cZNNAkkCN/P3hoUDHhCYQXV3UM06sGGrk=
github.com/hashicorp/mdns v1.0.1 h1:XFSOubp8KWB+Jd2PDyaX5xUd5bhSP/+pTDZVDMzZJM8=
github.com/hashicorp/mdns v1.0.1/go.mod h1:4gW7WsVCke5TE7EPeYliwHlRUyBtfCwuFwuMg2DmyNY=
github.com/jarcoal/httpmock v1.0.4 h1:jp+dy/+nonJE4g4xbVtl9QdrUNbn6/3hDT5R4nDIZnA=
github.com/jarcoal/httpmock v1.0.4/go.mod h1:ATjnClrvW/3tijVmpL/va5Z3aAyGvqU3gCT8nX0Txik=
github.com/jpillora/opts v1.1.2 h1:54/W0/fvo1DexHbL2utsW4rDhr5RXgojsPD2TA5oEzI=
github.com/jpillora/opts v1.1.2/go.mod h1:7p7X/vlpKZmtaDFYKs956EujFqA6aCrOkcCaS6UBcR4=
github.com/konsorten/go-windows-terminal-sequences v1.0.1 h1:mweAR1A6xJ3oS2pRaGiHgQ4OO8tzTaLawm8vnODuwDk=
github.com/konsorten/go-windows-terminal-sequences v1.0.1/go.mod h1:T0+1ngSBFLxvqU3pZ+m/2kptfBszLMUkC4ZK/EgS/cQ=
github.com/miekg/dns v1.0.14 h1:9jZdLNd/P4+SfEJ0TNyxYpsK8N4GtfylBLqtbYN1sbA=
github.com/miekg/dns v1.0.14/go.mod h1:W1PPwlIAgtquWBMBEV9nkV9Cazfe8ScdGz/Lj7v3Nrg=
github.com/pmezard/go-difflib v1.0.0 h1:4DBwDE0NGyQoBHbLQYPwSUPoCMWR5BEzIk/f1lZbAQM=
github.com/pmezard/go-difflib v1.0.0/go.mod h1:iKH77koFhYxTK1pcRnkKkqfTogsbg7gZNVY4sRDYZ/4=
github.com/posener/complete v1.2.2-0.20190308074557-af07aa5181b3 h1:GqpA1/5oN1NgsxoSA4RH0YWTaqvUlQNeOpHXD/JRbOQ=
github.com/posener/complete v1.2.2-0.20190308074557-af07aa5181b3/go.mod h1:6gapUrK/U1TAN7ciCoNRIdVC5sbdBTUh1DKN0g6uH7E=
github.com/sirupsen/logrus v1.4.2 h1:SPIRibHv4MatM3XXNO2BJeFLZwZ2LvZgfQ5+UNI2im4=
github.com/sirupsen/logrus v1.4.2/go.mod h1:tLMulIdttU9McNUspp0xgXVQah82FyeX6MwdIuYE2rE=
github.com/stretchr/objx v0.1.1/go.mod h1:HFkY916IF+rwdDfMAkV7OtwuqBVzrE8GR6GFx+wExME=
github.com/stretchr/testify v1.2.2 h1:bSDNvY7ZPG5RlJ8otE/7V6gMiyenm9RtJ7IUVIAoJ1w=
github.com/stretchr/testify v1.2.2/go.mod h1:a8OnRcib4nhh0OaRAV+Yts87kKdq0PP7pXfy6kDkUVs=
github.com/thingful/httpmock v0.0.2 h1:1eWdzHkrygIk0LAcvX3M36Ol3IoIOwHWIqxUyGLsEdw=
github.com/thingful/httpmock v0.0.2/go.mod h1:7l+awGvIFiugIInunvwUQYHNg5U0KXLPbNQshUfqAIk=
golang.org/x/crypto v0.0.0-20181029021203-45a5f77698d3 h1:KYQXGkl6vs02hK7pK4eIbw0NpNPedieTSTEiJ//bwGs=
golang.org/x/crypto v0.0.0-20181029021203-45a5f77698d3/go.mod h1:6SG95UA2DQfeDnfUPMdvaQW0Q7yPrPDi9nlGo2tz2b4=
golang.org/x/net v0.0.0-20181023162649-9b4f9f5ad519/go.mod h1:mL1N/T3taQHkDXs73rZJwtUhF3w3ftmwwsq0BUmARs4=
golang.org/x/net v0.0.0-20181220203305-927f97764cc3 h1:eH6Eip3UpmR+yM/qI9Ijluzb1bNv/cAU/n+6l8tRSis=
golang.org/x/net v0.0.0-20181220203305-927f97764cc3/go.mod h1:mL1N/T3taQHkDXs73rZJwtUhF3w3ftmwwsq0BUmARs4=
golang.org/x/net v0.0.0-20190213061140-3a22650c66bd h1:HuTn7WObtcDo9uEEU7rEqL0jYthdXAmZ6PP+meazmaU=
golang.org/x/net v0.0.0-20190213061140-3a22650c66bd/go.mod h1:mL1N/T3taQHkDXs73rZJwtUhF3w3ftmwwsq0BUmARs4=
golang.org/x/sync v0.0.0-20181221193216-37e7f081c4d4 h1:YUO/7uOKsKeq9UokNS62b8FYywz3ker1l1vDZRCRefw=
golang.org/x/sync v0.0.0-20181221193216-37e7f081c4d4/go.mod h1:RxMgew5VJxzue5/jJTE5uejpjVlOe/izrB70Jof72aM=
golang.org/x/sys v0.0.0-20181026203630-95b1ffbd15a5/go.mod h1:STP8DvDyc/dI5b8T5hshtkjS+E42TnysNCUPdjciGhY=
golang.org/x/sys v0.0.0-20190422165155-953cdadca894 h1:Cz4ceDQGXuKRnVBDTS23GTn/pU5OE2C0WrNTOYK1Uuc=
golang.org/x/sys v0.0.0-20190422165155-953cdadca894/go.mod h1:h1NjWce9XRLGQEsW7wpKNCjG9DtNlClVuFLEZdDNbEs=
golang.org/x/text v0.3.0 h1:g61tztE5qeGQ89tm6NTjjM9VPIm088od1l6aSorWRWg=
golang.org/x/text v0.3.0/go.mod h1:NqM8EUOU14njkJ3fqMW+pc6Ldnwhi/IjpwHt7yyuwOQ=
gopkg.in/resty.v1 v1.12.0 h1:CuXP0Pjfw9rOuY6EP+UvtNvt5DSqHpIxILZKT/quCZI=
gopkg.in/resty.v1 v1.12.0/go.mod h1:mDo4pnntr5jdWRML875a/NmxYqAlA73dVijT2AXvQQo=
